// !$*UTF8*$!
{
	archiveVersion = 1;
	classes = {
	};
	objectVersion = 52;
	objects = {

/* Begin PBXBuildFile section */
		1F1C6BB0245EA5A6004A72AD /* Questions.swift in Sources */ = {isa = PBXBuildFile; fileRef = 1F1C6BAF245EA5A6004A72AD /* Questions.swift */; };
		1F2E4909252A73D30080B90F /* FirebaseDatabase in Frameworks */ = {isa = PBXBuildFile; productRef = 1F2E4908252A73D30080B90F /* FirebaseDatabase */; };
		1F2E490B252A73D30080B90F /* FirebaseFirestoreSwift in Frameworks */ = {isa = PBXBuildFile; productRef = 1F2E490A252A73D30080B90F /* FirebaseFirestoreSwift */; };
		1F2E490D252A73D30080B90F /* FirebaseFirestore in Frameworks */ = {isa = PBXBuildFile; productRef = 1F2E490C252A73D30080B90F /* FirebaseFirestore */; };
		1F2E490F252A73D30080B90F /* Firebase in Frameworks */ = {isa = PBXBuildFile; productRef = 1F2E490E252A73D30080B90F /* Firebase */; };
		1F2E4916252A74710080B90F /* GoogleService-Info.plist in Resources */ = {isa = PBXBuildFile; fileRef = 1F2E4915252A74700080B90F /* GoogleService-Info.plist */; };
		1F2E4926252A8DA00080B90F /* URLImage in Frameworks */ = {isa = PBXBuildFile; productRef = 1F2E4925252A8DA00080B90F /* URLImage */; };
		1F3A7F5C245E1F770089B586 /* Person.swift in Sources */ = {isa = PBXBuildFile; fileRef = 1F3A7F5B245E1F770089B586 /* Person.swift */; };
		1F460ACC245B7EF7000D1FDD /* AppDelegate.swift in Sources */ = {isa = PBXBuildFile; fileRef = 1F460ACB245B7EF7000D1FDD /* AppDelegate.swift */; };
		1F460ACE245B7EF7000D1FDD /* SceneDelegate.swift in Sources */ = {isa = PBXBuildFile; fileRef = 1F460ACD245B7EF7000D1FDD /* SceneDelegate.swift */; };
		1F460AD0245B7EF7000D1FDD /* MainView.swift in Sources */ = {isa = PBXBuildFile; fileRef = 1F460ACF245B7EF7000D1FDD /* MainView.swift */; };
		1F460AD2245B7EFA000D1FDD /* Assets.xcassets in Resources */ = {isa = PBXBuildFile; fileRef = 1F460AD1245B7EFA000D1FDD /* Assets.xcassets */; };
		1F460AD5245B7EFA000D1FDD /* Preview Assets.xcassets in Resources */ = {isa = PBXBuildFile; fileRef = 1F460AD4245B7EFA000D1FDD /* Preview Assets.xcassets */; };
		1F460AD8245B7EFA000D1FDD /* LaunchScreen.storyboard in Resources */ = {isa = PBXBuildFile; fileRef = 1F460AD6245B7EFA000D1FDD /* LaunchScreen.storyboard */; };
		1F9EC7722460C56300818980 /* Buttons.swift in Sources */ = {isa = PBXBuildFile; fileRef = 1F9EC7712460C56300818980 /* Buttons.swift */; };
		1F9EC7752460C66C00818980 /* PersonList.swift in Sources */ = {isa = PBXBuildFile; fileRef = 1F9EC7742460C66C00818980 /* PersonList.swift */; };
		1F9EC7772460C68A00818980 /* PersonDescriptionPage.swift in Sources */ = {isa = PBXBuildFile; fileRef = 1F9EC7762460C68A00818980 /* PersonDescriptionPage.swift */; };
		1F9EC7792460C6B400818980 /* Game.swift in Sources */ = {isa = PBXBuildFile; fileRef = 1F9EC7782460C6B400818980 /* Game.swift */; };
		1F9EC77B2460C6D900818980 /* Background.swift in Sources */ = {isa = PBXBuildFile; fileRef = 1F9EC77A2460C6D900818980 /* Background.swift */; };
		1F9EC77D2460C71800818980 /* Fields.swift in Sources */ = {isa = PBXBuildFile; fileRef = 1F9EC77C2460C71800818980 /* Fields.swift */; };
		1FF9E483245E3BAE002F9C44 /* GameModel.swift in Sources */ = {isa = PBXBuildFile; fileRef = 1FF9E482245E3BAE002F9C44 /* GameModel.swift */; };
/* End PBXBuildFile section */

/* Begin PBXFileReference section */
		1F1C6BAF245EA5A6004A72AD /* Questions.swift */ = {isa = PBXFileReference; lastKnownFileType = sourcecode.swift; path = Questions.swift; sourceTree = "<group>"; };
		1F2E4915252A74700080B90F /* GoogleService-Info.plist */ = {isa = PBXFileReference; fileEncoding = 4; lastKnownFileType = text.plist.xml; path = "GoogleService-Info.plist"; sourceTree = "<group>"; };
		1F3A7F5B245E1F770089B586 /* Person.swift */ = {isa = PBXFileReference; lastKnownFileType = sourcecode.swift; name = Person.swift; path = "Women In Stem/InformationModels/Person.swift"; sourceTree = SOURCE_ROOT; };
		1F460AC8245B7EF7000D1FDD /* Women In Stem.app */ = {isa = PBXFileReference; explicitFileType = wrapper.application; includeInIndex = 0; path = "Women In Stem.app"; sourceTree = BUILT_PRODUCTS_DIR; };
		1F460ACB245B7EF7000D1FDD /* AppDelegate.swift */ = {isa = PBXFileReference; lastKnownFileType = sourcecode.swift; path = AppDelegate.swift; sourceTree = "<group>"; };
		1F460ACD245B7EF7000D1FDD /* SceneDelegate.swift */ = {isa = PBXFileReference; lastKnownFileType = sourcecode.swift; path = SceneDelegate.swift; sourceTree = "<group>"; };
		1F460ACF245B7EF7000D1FDD /* MainView.swift */ = {isa = PBXFileReference; lastKnownFileType = sourcecode.swift; path = MainView.swift; sourceTree = "<group>"; };
		1F460AD1245B7EFA000D1FDD /* Assets.xcassets */ = {isa = PBXFileReference; lastKnownFileType = folder.assetcatalog; path = Assets.xcassets; sourceTree = "<group>"; };
		1F460AD4245B7EFA000D1FDD /* Preview Assets.xcassets */ = {isa = PBXFileReference; lastKnownFileType = folder.assetcatalog; path = "Preview Assets.xcassets"; sourceTree = "<group>"; };
		1F460AD7245B7EFA000D1FDD /* Base */ = {isa = PBXFileReference; lastKnownFileType = file.storyboard; name = Base; path = Base.lproj/LaunchScreen.storyboard; sourceTree = "<group>"; };
		1F460AD9245B7EFA000D1FDD /* Info.plist */ = {isa = PBXFileReference; lastKnownFileType = text.plist.xml; path = Info.plist; sourceTree = "<group>"; };
		1F9EC7712460C56300818980 /* Buttons.swift */ = {isa = PBXFileReference; lastKnownFileType = sourcecode.swift; path = Buttons.swift; sourceTree = "<group>"; };
		1F9EC7742460C66C00818980 /* PersonList.swift */ = {isa = PBXFileReference; lastKnownFileType = sourcecode.swift; path = PersonList.swift; sourceTree = "<group>"; };
		1F9EC7762460C68A00818980 /* PersonDescriptionPage.swift */ = {isa = PBXFileReference; lastKnownFileType = sourcecode.swift; path = PersonDescriptionPage.swift; sourceTree = "<group>"; };
		1F9EC7782460C6B400818980 /* Game.swift */ = {isa = PBXFileReference; lastKnownFileType = sourcecode.swift; path = Game.swift; sourceTree = "<group>"; };
		1F9EC77A2460C6D900818980 /* Background.swift */ = {isa = PBXFileReference; lastKnownFileType = sourcecode.swift; path = Background.swift; sourceTree = "<group>"; };
		1F9EC77C2460C71800818980 /* Fields.swift */ = {isa = PBXFileReference; lastKnownFileType = sourcecode.swift; path = Fields.swift; sourceTree = "<group>"; };
		1FF9E482245E3BAE002F9C44 /* GameModel.swift */ = {isa = PBXFileReference; lastKnownFileType = sourcecode.swift; path = GameModel.swift; sourceTree = "<group>"; };
/* End PBXFileReference section */

/* Begin PBXFrameworksBuildPhase section */
		1F460AC5245B7EF7000D1FDD /* Frameworks */ = {
			isa = PBXFrameworksBuildPhase;
			buildActionMask = 2147483647;
			files = (
				1F2E4909252A73D30080B90F /* FirebaseDatabase in Frameworks */,
				1F2E490F252A73D30080B90F /* Firebase in Frameworks */,
				1F2E490B252A73D30080B90F /* FirebaseFirestoreSwift in Frameworks */,
				1F2E4926252A8DA00080B90F /* URLImage in Frameworks */,
				1F2E490D252A73D30080B90F /* FirebaseFirestore in Frameworks */,
			);
			runOnlyForDeploymentPostprocessing = 0;
		};
/* End PBXFrameworksBuildPhase section */

/* Begin PBXGroup section */
		1F3A7F5D245E1F820089B586 /* InformationModels */ = {
			isa = PBXGroup;
			children = (
				1F3A7F5B245E1F770089B586 /* Person.swift */,
				1F1C6BAF245EA5A6004A72AD /* Questions.swift */,
			);
			path = InformationModels;
			sourceTree = "<group>";
		};
		1F460ABF245B7EF7000D1FDD = {
			isa = PBXGroup;
			children = (
				1F460ACA245B7EF7000D1FDD /* Women In Stem */,
				1F460AC9245B7EF7000D1FDD /* Products */,
			);
			sourceTree = "<group>";
		};
		1F460AC9245B7EF7000D1FDD /* Products */ = {
			isa = PBXGroup;
			children = (
				1F460AC8245B7EF7000D1FDD /* Women In Stem.app */,
			);
			name = Products;
			sourceTree = "<group>";
		};
		1F460ACA245B7EF7000D1FDD /* Women In Stem */ = {
			isa = PBXGroup;
			children = (
				1F460ACB245B7EF7000D1FDD /* AppDelegate.swift */,
				1F460ACD245B7EF7000D1FDD /* SceneDelegate.swift */,
				1F2E4915252A74700080B90F /* GoogleService-Info.plist */,
				1F9EC7732460C62700818980 /* Game Logic */,
				1F3A7F5D245E1F820089B586 /* InformationModels */,
				1F4FCD43245CFC6D0062D3A0 /* Views */,
				1F460AD1245B7EFA000D1FDD /* Assets.xcassets */,
				1F460AD6245B7EFA000D1FDD /* LaunchScreen.storyboard */,
				1F460AD9245B7EFA000D1FDD /* Info.plist */,
				1F460AD3245B7EFA000D1FDD /* Preview Content */,
			);
			path = "Women In Stem";
			sourceTree = "<group>";
		};
		1F460AD3245B7EFA000D1FDD /* Preview Content */ = {
			isa = PBXGroup;
			children = (
				1F460AD4245B7EFA000D1FDD /* Preview Assets.xcassets */,
			);
			path = "Preview Content";
			sourceTree = "<group>";
		};
		1F4FCD43245CFC6D0062D3A0 /* Views */ = {
			isa = PBXGroup;
			children = (
				1F460ACF245B7EF7000D1FDD /* MainView.swift */,
				1F9EC77C2460C71800818980 /* Fields.swift */,
				1F9EC77A2460C6D900818980 /* Background.swift */,
				1F9EC7742460C66C00818980 /* PersonList.swift */,
				1F9EC7762460C68A00818980 /* PersonDescriptionPage.swift */,
				1F9EC7782460C6B400818980 /* Game.swift */,
				1F9EC7712460C56300818980 /* Buttons.swift */,
			);
			path = Views;
			sourceTree = "<group>";
		};
		1F9EC7732460C62700818980 /* Game Logic */ = {
			isa = PBXGroup;
			children = (
				1FF9E482245E3BAE002F9C44 /* GameModel.swift */,
			);
			path = "Game Logic";
			sourceTree = "<group>";
		};
/* End PBXGroup section */

/* Begin PBXNativeTarget section */
		1F460AC7245B7EF7000D1FDD /* Women In Stem */ = {
			isa = PBXNativeTarget;
			buildConfigurationList = 1F460ADC245B7EFA000D1FDD /* Build configuration list for PBXNativeTarget "Women In Stem" */;
			buildPhases = (
				1F460AC4245B7EF7000D1FDD /* Sources */,
				1F460AC5245B7EF7000D1FDD /* Frameworks */,
				1F460AC6245B7EF7000D1FDD /* Resources */,
			);
			buildRules = (
			);
			dependencies = (
			);
			name = "Women In Stem";
			packageProductDependencies = (
				1F2E4908252A73D30080B90F /* FirebaseDatabase */,
				1F2E490A252A73D30080B90F /* FirebaseFirestoreSwift */,
				1F2E490C252A73D30080B90F /* FirebaseFirestore */,
				1F2E490E252A73D30080B90F /* Firebase */,
				1F2E4925252A8DA00080B90F /* URLImage */,
			);
			productName = "Women In Stem";
			productReference = 1F460AC8245B7EF7000D1FDD /* Women In Stem.app */;
			productType = "com.apple.product-type.application";
		};
/* End PBXNativeTarget section */

/* Begin PBXProject section */
		1F460AC0245B7EF7000D1FDD /* Project object */ = {
			isa = PBXProject;
			attributes = {
				LastSwiftUpdateCheck = 1140;
				LastUpgradeCheck = 1200;
				ORGANIZATIONNAME = "Hiro Ayettey";
				TargetAttributes = {
					1F460AC7245B7EF7000D1FDD = {
						CreatedOnToolsVersion = 11.4.1;
					};
				};
			};
			buildConfigurationList = 1F460AC3245B7EF7000D1FDD /* Build configuration list for PBXProject "Women In Stem" */;
			compatibilityVersion = "Xcode 9.3";
			developmentRegion = en;
			hasScannedForEncodings = 0;
			knownRegions = (
				en,
				Base,
			);
			mainGroup = 1F460ABF245B7EF7000D1FDD;
			packageReferences = (
				1F2E4907252A73D30080B90F /* XCRemoteSwiftPackageReference "firebase-ios-sdk" */,
				1F2E4924252A8D9F0080B90F /* XCRemoteSwiftPackageReference "url-image" */,
			);
			productRefGroup = 1F460AC9245B7EF7000D1FDD /* Products */;
			projectDirPath = "";
			projectRoot = "";
			targets = (
				1F460AC7245B7EF7000D1FDD /* Women In Stem */,
			);
		};
/* End PBXProject section */

/* Begin PBXResourcesBuildPhase section */
		1F460AC6245B7EF7000D1FDD /* Resources */ = {
			isa = PBXResourcesBuildPhase;
			buildActionMask = 2147483647;
			files = (
				1F460AD8245B7EFA000D1FDD /* LaunchScreen.storyboard in Resources */,
				1F2E4916252A74710080B90F /* GoogleService-Info.plist in Resources */,
				1F460AD5245B7EFA000D1FDD /* Preview Assets.xcassets in Resources */,
				1F460AD2245B7EFA000D1FDD /* Assets.xcassets in Resources */,
			);
			runOnlyForDeploymentPostprocessing = 0;
		};
/* End PBXResourcesBuildPhase section */

/* Begin PBXSourcesBuildPhase section */
		1F460AC4245B7EF7000D1FDD /* Sources */ = {
			isa = PBXSourcesBuildPhase;
			buildActionMask = 2147483647;
			files = (
				1F9EC7722460C56300818980 /* Buttons.swift in Sources */,
				1F9EC7792460C6B400818980 /* Game.swift in Sources */,
				1F9EC77D2460C71800818980 /* Fields.swift in Sources */,
				1F460ACC245B7EF7000D1FDD /* AppDelegate.swift in Sources */,
				1F460ACE245B7EF7000D1FDD /* SceneDelegate.swift in Sources */,
				1FF9E483245E3BAE002F9C44 /* GameModel.swift in Sources */,
				1F1C6BB0245EA5A6004A72AD /* Questions.swift in Sources */,
				1F3A7F5C245E1F770089B586 /* Person.swift in Sources */,
				1F9EC7772460C68A00818980 /* PersonDescriptionPage.swift in Sources */,
				1F9EC7752460C66C00818980 /* PersonList.swift in Sources */,
				1F9EC77B2460C6D900818980 /* Background.swift in Sources */,
				1F460AD0245B7EF7000D1FDD /* MainView.swift in Sources */,
			);
			runOnlyForDeploymentPostprocessing = 0;
		};
/* End PBXSourcesBuildPhase section */

/* Begin PBXVariantGroup section */
		1F460AD6245B7EFA000D1FDD /* LaunchScreen.storyboard */ = {
			isa = PBXVariantGroup;
			children = (
				1F460AD7245B7EFA000D1FDD /* Base */,
			);
			name = LaunchScreen.storyboard;
			sourceTree = "<group>";
		};
/* End PBXVariantGroup section */

/* Begin XCBuildConfiguration section */
		1F460ADA245B7EFA000D1FDD /* Debug */ = {
			isa = XCBuildConfiguration;
			buildSettings = {
				ALWAYS_SEARCH_USER_PATHS = NO;
				CLANG_ANALYZER_NONNULL = YES;
				CLANG_ANALYZER_NUMBER_OBJECT_CONVERSION = YES_AGGRESSIVE;
				CLANG_CXX_LANGUAGE_STANDARD = "gnu++14";
				CLANG_CXX_LIBRARY = "libc++";
				CLANG_ENABLE_MODULES = YES;
				CLANG_ENABLE_OBJC_ARC = YES;
				CLANG_ENABLE_OBJC_WEAK = YES;
				CLANG_WARN_BLOCK_CAPTURE_AUTORELEASING = YES;
				CLANG_WARN_BOOL_CONVERSION = YES;
				CLANG_WARN_COMMA = YES;
				CLANG_WARN_CONSTANT_CONVERSION = YES;
				CLANG_WARN_DEPRECATED_OBJC_IMPLEMENTATIONS = YES;
				CLANG_WARN_DIRECT_OBJC_ISA_USAGE = YES_ERROR;
				CLANG_WARN_DOCUMENTATION_COMMENTS = YES;
				CLANG_WARN_EMPTY_BODY = YES;
				CLANG_WARN_ENUM_CONVERSION = YES;
				CLANG_WARN_INFINITE_RECURSION = YES;
				CLANG_WARN_INT_CONVERSION = YES;
				CLANG_WARN_NON_LITERAL_NULL_CONVERSION = YES;
				CLANG_WARN_OBJC_IMPLICIT_RETAIN_SELF = YES;
				CLANG_WARN_OBJC_LITERAL_CONVERSION = YES;
				CLANG_WARN_OBJC_ROOT_CLASS = YES_ERROR;
				CLANG_WARN_QUOTED_INCLUDE_IN_FRAMEWORK_HEADER = YES;
				CLANG_WARN_RANGE_LOOP_ANALYSIS = YES;
				CLANG_WARN_STRICT_PROTOTYPES = YES;
				CLANG_WARN_SUSPICIOUS_MOVE = YES;
				CLANG_WARN_UNGUARDED_AVAILABILITY = YES_AGGRESSIVE;
				CLANG_WARN_UNREACHABLE_CODE = YES;
				CLANG_WARN__DUPLICATE_METHOD_MATCH = YES;
				COPY_PHASE_STRIP = NO;
				DEBUG_INFORMATION_FORMAT = dwarf;
				ENABLE_STRICT_OBJC_MSGSEND = YES;
				ENABLE_TESTABILITY = YES;
				GCC_C_LANGUAGE_STANDARD = gnu11;
				GCC_DYNAMIC_NO_PIC = NO;
				GCC_NO_COMMON_BLOCKS = YES;
				GCC_OPTIMIZATION_LEVEL = 0;
				GCC_PREPROCESSOR_DEFINITIONS = (
					"DEBUG=1",
					"$(inherited)",
				);
				GCC_WARN_64_TO_32_BIT_CONVERSION = YES;
				GCC_WARN_ABOUT_RETURN_TYPE = YES_ERROR;
				GCC_WARN_UNDECLARED_SELECTOR = YES;
				GCC_WARN_UNINITIALIZED_AUTOS = YES_AGGRESSIVE;
				GCC_WARN_UNUSED_FUNCTION = YES;
				GCC_WARN_UNUSED_VARIABLE = YES;
				IPHONEOS_DEPLOYMENT_TARGET = 13.4;
				MTL_ENABLE_DEBUG_INFO = INCLUDE_SOURCE;
				MTL_FAST_MATH = YES;
				ONLY_ACTIVE_ARCH = YES;
				SDKROOT = iphoneos;
				SWIFT_ACTIVE_COMPILATION_CONDITIONS = DEBUG;
				SWIFT_OPTIMIZATION_LEVEL = "-Onone";
			};
			name = Debug;
		};
		1F460ADB245B7EFA000D1FDD /* Release */ = {
			isa = XCBuildConfiguration;
			buildSettings = {
				ALWAYS_SEARCH_USER_PATHS = NO;
				CLANG_ANALYZER_NONNULL = YES;
				CLANG_ANALYZER_NUMBER_OBJECT_CONVERSION = YES_AGGRESSIVE;
				CLANG_CXX_LANGUAGE_STANDARD = "gnu++14";
				CLANG_CXX_LIBRARY = "libc++";
				CLANG_ENABLE_MODULES = YES;
				CLANG_ENABLE_OBJC_ARC = YES;
				CLANG_ENABLE_OBJC_WEAK = YES;
				CLANG_WARN_BLOCK_CAPTURE_AUTORELEASING = YES;
				CLANG_WARN_BOOL_CONVERSION = YES;
				CLANG_WARN_COMMA = YES;
				CLANG_WARN_CONSTANT_CONVERSION = YES;
				CLANG_WARN_DEPRECATED_OBJC_IMPLEMENTATIONS = YES;
				CLANG_WARN_DIRECT_OBJC_ISA_USAGE = YES_ERROR;
				CLANG_WARN_DOCUMENTATION_COMMENTS = YES;
				CLANG_WARN_EMPTY_BODY = YES;
				CLANG_WARN_ENUM_CONVERSION = YES;
				CLANG_WARN_INFINITE_RECURSION = YES;
				CLANG_WARN_INT_CONVERSION = YES;
				CLANG_WARN_NON_LITERAL_NULL_CONVERSION = YES;
				CLANG_WARN_OBJC_IMPLICIT_RETAIN_SELF = YES;
				CLANG_WARN_OBJC_LITERAL_CONVERSION = YES;
				CLANG_WARN_OBJC_ROOT_CLASS = YES_ERROR;
				CLANG_WARN_QUOTED_INCLUDE_IN_FRAMEWORK_HEADER = YES;
				CLANG_WARN_RANGE_LOOP_ANALYSIS = YES;
				CLANG_WARN_STRICT_PROTOTYPES = YES;
				CLANG_WARN_SUSPICIOUS_MOVE = YES;
				CLANG_WARN_UNGUARDED_AVAILABILITY = YES_AGGRESSIVE;
				CLANG_WARN_UNREACHABLE_CODE = YES;
				CLANG_WARN__DUPLICATE_METHOD_MATCH = YES;
				COPY_PHASE_STRIP = NO;
				DEBUG_INFORMATION_FORMAT = "dwarf-with-dsym";
				ENABLE_NS_ASSERTIONS = NO;
				ENABLE_STRICT_OBJC_MSGSEND = YES;
				GCC_C_LANGUAGE_STANDARD = gnu11;
				GCC_NO_COMMON_BLOCKS = YES;
				GCC_WARN_64_TO_32_BIT_CONVERSION = YES;
				GCC_WARN_ABOUT_RETURN_TYPE = YES_ERROR;
				GCC_WARN_UNDECLARED_SELECTOR = YES;
				GCC_WARN_UNINITIALIZED_AUTOS = YES_AGGRESSIVE;
				GCC_WARN_UNUSED_FUNCTION = YES;
				GCC_WARN_UNUSED_VARIABLE = YES;
				IPHONEOS_DEPLOYMENT_TARGET = 13.4;
				MTL_ENABLE_DEBUG_INFO = NO;
				MTL_FAST_MATH = YES;
				SDKROOT = iphoneos;
				SWIFT_COMPILATION_MODE = wholemodule;
				SWIFT_OPTIMIZATION_LEVEL = "-O";
				VALIDATE_PRODUCT = YES;
			};
			name = Release;
		};
		1F460ADD245B7EFA000D1FDD /* Debug */ = {
			isa = XCBuildConfiguration;
			buildSettings = {
				ASSETCATALOG_COMPILER_APPICON_NAME = AppIcon;
				CODE_SIGN_STYLE = Automatic;
				DEVELOPMENT_ASSET_PATHS = "\"Women In Stem/Preview Content\"";
				DEVELOPMENT_TEAM = C87F942JNS;
				ENABLE_PREVIEWS = YES;
				INFOPLIST_FILE = "Women In Stem/Info.plist";
				LD_RUNPATH_SEARCH_PATHS = (
					"$(inherited)",
					"@executable_path/Frameworks",
				);
				PRODUCT_BUNDLE_IDENTIFIER = "HiroAyettey.Women-In-Stem";
				PRODUCT_NAME = "$(TARGET_NAME)";
				SWIFT_VERSION = 5.0;
				TARGETED_DEVICE_FAMILY = "1,2";
			};
			name = Debug;
		};
		1F460ADE245B7EFA000D1FDD /* Release */ = {
			isa = XCBuildConfiguration;
			buildSettings = {
				ASSETCATALOG_COMPILER_APPICON_NAME = AppIcon;
				CODE_SIGN_STYLE = Automatic;
				DEVELOPMENT_ASSET_PATHS = "\"Women In Stem/Preview Content\"";
				DEVELOPMENT_TEAM = C87F942JNS;
				ENABLE_PREVIEWS = YES;
				INFOPLIST_FILE = "Women In Stem/Info.plist";
				LD_RUNPATH_SEARCH_PATHS = (
					"$(inherited)",
					"@executable_path/Frameworks",
				);
				PRODUCT_BUNDLE_IDENTIFIER = "HiroAyettey.Women-In-Stem";
				PRODUCT_NAME = "$(TARGET_NAME)";
				SWIFT_VERSION = 5.0;
				TARGETED_DEVICE_FAMILY = "1,2";
			};
			name = Release;
		};
/* End XCBuildConfiguration section */

/* Begin XCConfigurationList section */
		1F460AC3245B7EF7000D1FDD /* Build configuration list for PBXProject "Women In Stem" */ = {
			isa = XCConfigurationList;
			buildConfigurations = (
				1F460ADA245B7EFA000D1FDD /* Debug */,
				1F460ADB245B7EFA000D1FDD /* Release */,
			);
			defaultConfigurationIsVisible = 0;
			defaultConfigurationName = Release;
		};
		1F460ADC245B7EFA000D1FDD /* Build configuration list for PBXNativeTarget "Women In Stem" */ = {
			isa = XCConfigurationList;
			buildConfigurations = (
				1F460ADD245B7EFA000D1FDD /* Debug */,
				1F460ADE245B7EFA000D1FDD /* Release */,
			);
			defaultConfigurationIsVisible = 0;
			defaultConfigurationName = Release;
		};
/* End XCConfigurationList section */

/* Begin XCRemoteSwiftPackageReference section */
		1F2E4907252A73D30080B90F /* XCRemoteSwiftPackageReference "firebase-ios-sdk" */ = {
			isa = XCRemoteSwiftPackageReference;
			repositoryURL = "https://github.com/firebase/firebase-ios-sdk.git";
			requirement = {
				branch = "6.31-spm-beta";
				kind = branch;
			};
		};
		1F2E4924252A8D9F0080B90F /* XCRemoteSwiftPackageReference "url-image" */ = {
			isa = XCRemoteSwiftPackageReference;
			repositoryURL = "https://github.com/dmytro-anokhin/url-image.git";
			requirement = {
				kind = upToNextMajorVersion;
				minimumVersion = 0.9.19;
			};
		};
/* End XCRemoteSwiftPackageReference section */

/* Begin XCSwiftPackageProductDependency section */
		1F2E4908252A73D30080B90F /* FirebaseDatabase */ = {
			isa = XCSwiftPackageProductDependency;
			package = 1F2E4907252A73D30080B90F /* XCRemoteSwiftPackageReference "firebase-ios-sdk" */;
			productName = FirebaseDatabase;
		};
		1F2E490A252A73D30080B90F /* FirebaseFirestoreSwift */ = {
			isa = XCSwiftPackageProductDependency;
			package = 1F2E4907252A73D30080B90F /* XCRemoteSwiftPackageReference "firebase-ios-sdk" */;
			productName = FirebaseFirestoreSwift;
		};
		1F2E490C252A73D30080B90F /* FirebaseFirestore */ = {
			isa = XCSwiftPackageProductDependency;
			package = 1F2E4907252A73D30080B90F /* XCRemoteSwiftPackageReference "firebase-ios-sdk" */;
			productName = FirebaseFirestore;
		};
		1F2E490E252A73D30080B90F /* Firebase */ = {
			isa = XCSwiftPackageProductDependency;
			package = 1F2E4907252A73D30080B90F /* XCRemoteSwiftPackageReference "firebase-ios-sdk" */;
			productName = Firebase;
		};
		1F2E4925252A8DA00080B90F /* URLImage */ = {
			isa = XCSwiftPackageProductDependency;
			package = 1F2E4924252A8D9F0080B90F /* XCRemoteSwiftPackageReference "url-image" */;
			productName = URLImage;
		};
/* End XCSwiftPackageProductDependency section */
	};
	rootObject = 1F460AC0245B7EF7000D1FDD /* Project object */;
}
